
Microsoft Visual Studio Solution File, Format Version 12.00
# Visual Studio Version 17
VisualStudioVersion = 17.0.31903.59
MinimumVisualStudioVersion = 10.0.40219.1
Project("{FAE04EC0-301F-11D3-BF4B-00C04F79EFBC}") = "Wolfgang.Dnd.Dice", "src\Wolfgang.Dnd.Dice\Wolfgang.Dnd.Dice.csproj", "{1BB68DA1-4E78-17CA-7829-EDF78DCB2031}"
EndProject
Project("{FAE04EC0-301F-11D3-BF4B-00C04F79EFBC}") = "Wolfgang.Dnd.Dice.Tests.Unit", "tests\Wolfgang.Dnd.Dice.Tests\Wolfgang.Dnd.Dice.Tests.Unit.csproj", "{50DAD6DE-A2BF-D044-BEAA-B790A7F8781B}"
EndProject
Global
	GlobalSection(SolutionConfigurationPlatforms) = preSolution
		Debug|Any CPU = Debug|Any CPU
		Release|Any CPU = Release|Any CPU
	EndGlobalSection
	GlobalSection(ProjectConfigurationPlatforms) = postSolution
		{1BB68DA1-4E78-17CA-7829-EDF78DCB2031}.Debug|Any CPU.ActiveCfg = Debug|Any CPU
		{1BB68DA1-4E78-17CA-7829-EDF78DCB2031}.Debug|Any CPU.Build.0 = Debug|Any CPU
		{1BB68DA1-4E78-17CA-7829-EDF78DCB2031}.Release|Any CPU.ActiveCfg = Release|Any CPU
		{1BB68DA1-4E78-17CA-7829-EDF78DCB2031}.Release|Any CPU.Build.0 = Release|Any CPU
		{50DAD6DE-A2BF-D044-BEAA-B790A7F8781B}.Debug|Any CPU.ActiveCfg = Debug|Any CPU
		{50DAD6DE-A2BF-D044-BEAA-B790A7F8781B}.Debug|Any CPU.Build.0 = Debug|Any CPU
		{50DAD6DE-A2BF-D044-BEAA-B790A7F8781B}.Release|Any CPU.ActiveCfg = Release|Any CPU
		{50DAD6DE-A2BF-D044-BEAA-B790A7F8781B}.Release|Any CPU.Build.0 = Release|Any CPU
	EndGlobalSection
	GlobalSection(SolutionProperties) = preSolution
		HideSolutionNode = FALSE
	EndGlobalSection
	GlobalSection(ExtensibilityGlobals) = postSolution
		SolutionGuid = {2B6A8F7E-C08F-4BFB-AEC4-9A3844A09E75}
	EndGlobalSection
EndGlobal
